PODS:
  - ReachabilitySwift (4.3.0)
  - SwiftLint (0.29.1)

DEPENDENCIES:
  - ReachabilitySwift
  - SwiftLint

SPEC REPOS:
  https://github.com/cocoapods/specs.git:
    - ReachabilitySwift
    - SwiftLint

SPEC CHECKSUMS:
  ReachabilitySwift: 408477d1b6ed9779dba301953171e017c31241f3
  SwiftLint: 6772320e40b52049053a518c17db9b0634a0b45a

PODFILE CHECKSUM: a3ebd1e3f24a447f48b8799c0763b582a201cfae

COCOAPODS: 1.5.3
