PODS:
  - EasyTransitions (0.5.4)

DEPENDENCIES:
  - EasyTransitions

SPEC REPOS:
  https://github.com/cocoapods/specs.git:
    - EasyTransitions

SPEC CHECKSUMS:
  EasyTransitions: 843a3e93b4cac14315e5d997b762bd1d214beb9c

PODFILE CHECKSUM: 90cd65b2f85315e9d67c91001d4fc8c1ebefdab8

COCOAPODS: 1.5.3
