// !$*UTF8*$!
{
	archiveVersion = 1;
	classes = {
	};
	objectVersion = 50;
	objects = {

/* Begin PBXBuildFile section */
		020F41C021D18312007CE3BC /* LoaderController.swift in Sources */ = {isa = PBXBuildFile; fileRef = 020F41BF21D18312007CE3BC /* LoaderController.swift */; };
		020F41C221D2B4C1007CE3BC /* UIColorExtension.swift in Sources */ = {isa = PBXBuildFile; fileRef = 020F41C121D2B4C1007CE3BC /* UIColorExtension.swift */; };
		020F41C421D2B4F5007CE3BC /* UIViewExtension.swift in Sources */ = {isa = PBXBuildFile; fileRef = 020F41C321D2B4F5007CE3BC /* UIViewExtension.swift */; };
		020F41C621D2B51E007CE3BC /* UILabelExtension.swift in Sources */ = {isa = PBXBuildFile; fileRef = 020F41C521D2B51E007CE3BC /* UILabelExtension.swift */; };
		020F41C821D2B537007CE3BC /* UICollectionViewExtension.swift in Sources */ = {isa = PBXBuildFile; fileRef = 020F41C721D2B537007CE3BC /* UICollectionViewExtension.swift */; };
		020F41CA21D2B54D007CE3BC /* UIApplicationExtension.swift in Sources */ = {isa = PBXBuildFile; fileRef = 020F41C921D2B54D007CE3BC /* UIApplicationExtension.swift */; };
		020F41CC21D2B566007CE3BC /* UIViewControllerExtension.swift in Sources */ = {isa = PBXBuildFile; fileRef = 020F41CB21D2B566007CE3BC /* UIViewControllerExtension.swift */; };
		020F41CE21D2B579007CE3BC /* UIImageViewExtension.swift in Sources */ = {isa = PBXBuildFile; fileRef = 020F41CD21D2B579007CE3BC /* UIImageViewExtension.swift */; };
		020F41D021D2B5AA007CE3BC /* CustomImageView.swift in Sources */ = {isa = PBXBuildFile; fileRef = 020F41CF21D2B5AA007CE3BC /* CustomImageView.swift */; };
		020F41D921D2B7B8007CE3BC /* StringExtension.swift in Sources */ = {isa = PBXBuildFile; fileRef = 020F41D821D2B7B8007CE3BC /* StringExtension.swift */; };
		021ACF90219BA62E00B35F67 /* SettingsLauncher.swift in Sources */ = {isa = PBXBuildFile; fileRef = 021ACF8F219BA62E00B35F67 /* SettingsLauncher.swift */; };
		02330C87219F36B400A257CF /* ApiService.swift in Sources */ = {isa = PBXBuildFile; fileRef = 02330C86219F36B400A257CF /* ApiService.swift */; };
		023CAC0B21C8718300958231 /* ApiServiceCategories.swift in Sources */ = {isa = PBXBuildFile; fileRef = 023CAC0A21C8718300958231 /* ApiServiceCategories.swift */; };
		026161F021C5EBDC00DDD5C2 /* Reachability.swift in Sources */ = {isa = PBXBuildFile; fileRef = 026161EF21C5EBDC00DDD5C2 /* Reachability.swift */; };
		026161F221C7148200DDD5C2 /* Category.swift in Sources */ = {isa = PBXBuildFile; fileRef = 026161F121C7148200DDD5C2 /* Category.swift */; };
		026161F421C714B700DDD5C2 /* BaseCategoryCell.swift in Sources */ = {isa = PBXBuildFile; fileRef = 026161F321C714B700DDD5C2 /* BaseCategoryCell.swift */; };
		026161F621C7160200DDD5C2 /* CategoryCell.swift in Sources */ = {isa = PBXBuildFile; fileRef = 026161F521C7160200DDD5C2 /* CategoryCell.swift */; };
		02684CA121BB418200A2ABE3 /* Assets.xcassets in Resources */ = {isa = PBXBuildFile; fileRef = 02684CA021BB418100A2ABE3 /* Assets.xcassets */; };
		027C103721C894DF00D78A51 /* SalePlace.swift in Sources */ = {isa = PBXBuildFile; fileRef = 027C103621C894DF00D78A51 /* SalePlace.swift */; };
		027E3C32219D070900219E32 /* SettingCell.swift in Sources */ = {isa = PBXBuildFile; fileRef = 027E3C31219D070900219E32 /* SettingCell.swift */; };
		0295753721B47766000572B2 /* DetailViewController.swift in Sources */ = {isa = PBXBuildFile; fileRef = 0295753621B47766000572B2 /* DetailViewController.swift */; };
		02B280E621C7CA2800CD7C62 /* CategoryListController.swift in Sources */ = {isa = PBXBuildFile; fileRef = 02B280E521C7CA2800CD7C62 /* CategoryListController.swift */; };
		02B280E821C7D83800CD7C62 /* EventsByCategoryCell.swift in Sources */ = {isa = PBXBuildFile; fileRef = 02B280E721C7D83800CD7C62 /* EventsByCategoryCell.swift */; };
		02B280EA21C8375D00CD7C62 /* BaseController.swift in Sources */ = {isa = PBXBuildFile; fileRef = 02B280E921C8375D00CD7C62 /* BaseController.swift */; };
		02BBBA3121B2F72500998543 /* SpotlightCell.swift in Sources */ = {isa = PBXBuildFile; fileRef = 02BBBA3021B2F72500998543 /* SpotlightCell.swift */; };
		02BBBA3321B2F9BD00998543 /* TodayCell.swift in Sources */ = {isa = PBXBuildFile; fileRef = 02BBBA3221B2F9BD00998543 /* TodayCell.swift */; };
		02BBBA3721B3001F00998543 /* UpcomingCell.swift in Sources */ = {isa = PBXBuildFile; fileRef = 02BBBA3621B3001F00998543 /* UpcomingCell.swift */; };
		02DF2EBE219FBDE80057CEF1 /* FeedCell.swift in Sources */ = {isa = PBXBuildFile; fileRef = 02DF2EBD219FBDE70057CEF1 /* FeedCell.swift */; };
		02E290BB218E9C8A00FE99C7 /* BaseCell.swift in Sources */ = {isa = PBXBuildFile; fileRef = 02E290BA218E9C8A00FE99C7 /* BaseCell.swift */; };
		02E290BE218E9EC100FE99C7 /* MenuBar.swift in Sources */ = {isa = PBXBuildFile; fileRef = 02E290BD218E9EC100FE99C7 /* MenuBar.swift */; };
		02E290C1218EBE1800FE99C7 /* Event.swift in Sources */ = {isa = PBXBuildFile; fileRef = 02E290C0218EBE1800FE99C7 /* Event.swift */; };
		02E8D8D8217516DA001FD974 /* AppDelegate.swift in Sources */ = {isa = PBXBuildFile; fileRef = 02E8D8D7217516DA001FD974 /* AppDelegate.swift */; };
		02E8D8DA217516DA001FD974 /* FeedController.swift in Sources */ = {isa = PBXBuildFile; fileRef = 02E8D8D9217516DA001FD974 /* FeedController.swift */; };
		02E8D8DD217516DA001FD974 /* Main.storyboard in Resources */ = {isa = PBXBuildFile; fileRef = 02E8D8DB217516DA001FD974 /* Main.storyboard */; };
		02E8D8E2217516E5001FD974 /* LaunchScreen.storyboard in Resources */ = {isa = PBXBuildFile; fileRef = 02E8D8E0217516E5001FD974 /* LaunchScreen.storyboard */; };
		02EEB42721D2B9E100EB73C5 /* Localizable.strings in Resources */ = {isa = PBXBuildFile; fileRef = 02EEB42921D2B9E100EB73C5 /* Localizable.strings */; };
		1BD189BD55E0998BB21D6345 /* Pods_purai_ios_app.framework in Frameworks */ = {isa = PBXBuildFile; fileRef = D753972F5ECE6CB6B24DFA5F /* Pods_purai_ios_app.framework */; };
/* End PBXBuildFile section */

/* Begin PBXFileReference section */
		020F41BF21D18312007CE3BC /* LoaderController.swift */ = {isa = PBXFileReference; lastKnownFileType = sourcecode.swift; path = LoaderController.swift; sourceTree = "<group>"; };
		020F41C121D2B4C1007CE3BC /* UIColorExtension.swift */ = {isa = PBXFileReference; lastKnownFileType = sourcecode.swift; path = UIColorExtension.swift; sourceTree = "<group>"; };
		020F41C321D2B4F5007CE3BC /* UIViewExtension.swift */ = {isa = PBXFileReference; lastKnownFileType = sourcecode.swift; path = UIViewExtension.swift; sourceTree = "<group>"; };
		020F41C521D2B51E007CE3BC /* UILabelExtension.swift */ = {isa = PBXFileReference; lastKnownFileType = sourcecode.swift; path = UILabelExtension.swift; sourceTree = "<group>"; };
		020F41C721D2B537007CE3BC /* UICollectionViewExtension.swift */ = {isa = PBXFileReference; lastKnownFileType = sourcecode.swift; path = UICollectionViewExtension.swift; sourceTree = "<group>"; };
		020F41C921D2B54D007CE3BC /* UIApplicationExtension.swift */ = {isa = PBXFileReference; lastKnownFileType = sourcecode.swift; path = UIApplicationExtension.swift; sourceTree = "<group>"; };
		020F41CB21D2B566007CE3BC /* UIViewControllerExtension.swift */ = {isa = PBXFileReference; lastKnownFileType = sourcecode.swift; path = UIViewControllerExtension.swift; sourceTree = "<group>"; };
		020F41CD21D2B579007CE3BC /* UIImageViewExtension.swift */ = {isa = PBXFileReference; lastKnownFileType = sourcecode.swift; path = UIImageViewExtension.swift; sourceTree = "<group>"; };
		020F41CF21D2B5AA007CE3BC /* CustomImageView.swift */ = {isa = PBXFileReference; lastKnownFileType = sourcecode.swift; path = CustomImageView.swift; sourceTree = "<group>"; };
		020F41D821D2B7B8007CE3BC /* StringExtension.swift */ = {isa = PBXFileReference; lastKnownFileType = sourcecode.swift; path = StringExtension.swift; sourceTree = "<group>"; };
		021ACF8F219BA62E00B35F67 /* SettingsLauncher.swift */ = {isa = PBXFileReference; lastKnownFileType = sourcecode.swift; path = SettingsLauncher.swift; sourceTree = "<group>"; };
		02330C86219F36B400A257CF /* ApiService.swift */ = {isa = PBXFileReference; lastKnownFileType = sourcecode.swift; path = ApiService.swift; sourceTree = "<group>"; };
		023CAC0A21C8718300958231 /* ApiServiceCategories.swift */ = {isa = PBXFileReference; lastKnownFileType = sourcecode.swift; path = ApiServiceCategories.swift; sourceTree = "<group>"; };
		026161EF21C5EBDC00DDD5C2 /* Reachability.swift */ = {isa = PBXFileReference; lastKnownFileType = sourcecode.swift; path = Reachability.swift; sourceTree = "<group>"; };
		026161F121C7148200DDD5C2 /* Category.swift */ = {isa = PBXFileReference; lastKnownFileType = sourcecode.swift; path = Category.swift; sourceTree = "<group>"; };
		026161F321C714B700DDD5C2 /* BaseCategoryCell.swift */ = {isa = PBXFileReference; lastKnownFileType = sourcecode.swift; path = BaseCategoryCell.swift; sourceTree = "<group>"; };
		026161F521C7160200DDD5C2 /* CategoryCell.swift */ = {isa = PBXFileReference; lastKnownFileType = sourcecode.swift; path = CategoryCell.swift; sourceTree = "<group>"; };
		02684CA021BB418100A2ABE3 /* Assets.xcassets */ = {isa = PBXFileReference; lastKnownFileType = folder.assetcatalog; path = Assets.xcassets; sourceTree = "<group>"; };
		027C103621C894DF00D78A51 /* SalePlace.swift */ = {isa = PBXFileReference; lastKnownFileType = sourcecode.swift; path = SalePlace.swift; sourceTree = "<group>"; };
		027E3C31219D070900219E32 /* SettingCell.swift */ = {isa = PBXFileReference; lastKnownFileType = sourcecode.swift; path = SettingCell.swift; sourceTree = "<group>"; };
		0295753621B47766000572B2 /* DetailViewController.swift */ = {isa = PBXFileReference; lastKnownFileType = sourcecode.swift; path = DetailViewController.swift; sourceTree = "<group>"; };
		02B280E521C7CA2800CD7C62 /* CategoryListController.swift */ = {isa = PBXFileReference; lastKnownFileType = sourcecode.swift; path = CategoryListController.swift; sourceTree = "<group>"; };
		02B280E721C7D83800CD7C62 /* EventsByCategoryCell.swift */ = {isa = PBXFileReference; lastKnownFileType = sourcecode.swift; path = EventsByCategoryCell.swift; sourceTree = "<group>"; };
		02B280E921C8375D00CD7C62 /* BaseController.swift */ = {isa = PBXFileReference; lastKnownFileType = sourcecode.swift; path = BaseController.swift; sourceTree = "<group>"; };
		02BBBA3021B2F72500998543 /* SpotlightCell.swift */ = {isa = PBXFileReference; lastKnownFileType = sourcecode.swift; path = SpotlightCell.swift; sourceTree = "<group>"; };
		02BBBA3221B2F9BD00998543 /* TodayCell.swift */ = {isa = PBXFileReference; lastKnownFileType = sourcecode.swift; path = TodayCell.swift; sourceTree = "<group>"; };
		02BBBA3621B3001F00998543 /* UpcomingCell.swift */ = {isa = PBXFileReference; lastKnownFileType = sourcecode.swift; path = UpcomingCell.swift; sourceTree = "<group>"; };
		02DF2EBD219FBDE70057CEF1 /* FeedCell.swift */ = {isa = PBXFileReference; lastKnownFileType = sourcecode.swift; path = FeedCell.swift; sourceTree = "<group>"; };
		02E290BA218E9C8A00FE99C7 /* BaseCell.swift */ = {isa = PBXFileReference; lastKnownFileType = sourcecode.swift; path = BaseCell.swift; sourceTree = "<group>"; };
		02E290BD218E9EC100FE99C7 /* MenuBar.swift */ = {isa = PBXFileReference; lastKnownFileType = sourcecode.swift; path = MenuBar.swift; sourceTree = "<group>"; };
		02E290C0218EBE1800FE99C7 /* Event.swift */ = {isa = PBXFileReference; lastKnownFileType = sourcecode.swift; path = Event.swift; sourceTree = "<group>"; };
		02E8D8D4217516DA001FD974 /* purai-ios-app.app */ = {isa = PBXFileReference; explicitFileType = wrapper.application; includeInIndex = 0; path = "purai-ios-app.app"; sourceTree = BUILT_PRODUCTS_DIR; };
		02E8D8D7217516DA001FD974 /* AppDelegate.swift */ = {isa = PBXFileReference; lastKnownFileType = sourcecode.swift; path = AppDelegate.swift; sourceTree = "<group>"; };
		02E8D8D9217516DA001FD974 /* FeedController.swift */ = {isa = PBXFileReference; lastKnownFileType = sourcecode.swift; path = FeedController.swift; sourceTree = "<group>"; };
		02E8D8DC217516DA001FD974 /* Base */ = {isa = PBXFileReference; lastKnownFileType = file.storyboard; name = Base; path = Base.lproj/Main.storyboard; sourceTree = "<group>"; };
		02E8D8E1217516E5001FD974 /* Base */ = {isa = PBXFileReference; lastKnownFileType = file.storyboard; name = Base; path = Base.lproj/LaunchScreen.storyboard; sourceTree = "<group>"; };
		02E8D8E3217516E5001FD974 /* Info.plist */ = {isa = PBXFileReference; lastKnownFileType = text.plist.xml; path = Info.plist; sourceTree = "<group>"; };
		02EEB42821D2B9E100EB73C5 /* en */ = {isa = PBXFileReference; lastKnownFileType = text.plist.strings; name = en; path = en.lproj/Localizable.strings; sourceTree = "<group>"; };
		02EEB42A21D2B9F000EB73C5 /* pt-BR */ = {isa = PBXFileReference; lastKnownFileType = text.plist.strings; name = "pt-BR"; path = "pt-BR.lproj/Localizable.strings"; sourceTree = "<group>"; };
		067E85B19BE75C3A0F3CB378 /* Pods-purai-ios-app.release.xcconfig */ = {isa = PBXFileReference; includeInIndex = 1; lastKnownFileType = text.xcconfig; name = "Pods-purai-ios-app.release.xcconfig"; path = "Pods/Target Support Files/Pods-purai-ios-app/Pods-purai-ios-app.release.xcconfig"; sourceTree = "<group>"; };
		2080F1C1C5F6C08E22F3AC6C /* Pods-purai-ios-app.debug.xcconfig */ = {isa = PBXFileReference; includeInIndex = 1; lastKnownFileType = text.xcconfig; name = "Pods-purai-ios-app.debug.xcconfig"; path = "Pods/Target Support Files/Pods-purai-ios-app/Pods-purai-ios-app.debug.xcconfig"; sourceTree = "<group>"; };
		D753972F5ECE6CB6B24DFA5F /* Pods_purai_ios_app.framework */ = {isa = PBXFileReference; explicitFileType = wrapper.framework; includeInIndex = 0; path = Pods_purai_ios_app.framework; sourceTree = BUILT_PRODUCTS_DIR; };
/* End PBXFileReference section */

/* Begin PBXFrameworksBuildPhase section */
		02E8D8D1217516DA001FD974 /* Frameworks */ = {
			isa = PBXFrameworksBuildPhase;
			buildActionMask = 2147483647;
			files = (
				1BD189BD55E0998BB21D6345 /* Pods_purai_ios_app.framework in Frameworks */,
			);
			runOnlyForDeploymentPostprocessing = 0;
		};
/* End PBXFrameworksBuildPhase section */

/* Begin PBXGroup section */
		020F41D121D2B5C6007CE3BC /* Extensions */ = {
			isa = PBXGroup;
			children = (
				020F41CD21D2B579007CE3BC /* UIImageViewExtension.swift */,
				020F41CB21D2B566007CE3BC /* UIViewControllerExtension.swift */,
				020F41C921D2B54D007CE3BC /* UIApplicationExtension.swift */,
				020F41C721D2B537007CE3BC /* UICollectionViewExtension.swift */,
				020F41C121D2B4C1007CE3BC /* UIColorExtension.swift */,
				020F41C321D2B4F5007CE3BC /* UIViewExtension.swift */,
				020F41C521D2B51E007CE3BC /* UILabelExtension.swift */,
				020F41D821D2B7B8007CE3BC /* StringExtension.swift */,
			);
			path = Extensions;
			sourceTree = "<group>";
		};
		020F41D221D2B6AD007CE3BC /* Event */ = {
			isa = PBXGroup;
			children = (
				02E290BA218E9C8A00FE99C7 /* BaseCell.swift */,
				027E3C31219D070900219E32 /* SettingCell.swift */,
				02DF2EBD219FBDE70057CEF1 /* FeedCell.swift */,
				02BBBA3021B2F72500998543 /* SpotlightCell.swift */,
				02BBBA3221B2F9BD00998543 /* TodayCell.swift */,
				02BBBA3621B3001F00998543 /* UpcomingCell.swift */,
				02B280E721C7D83800CD7C62 /* EventsByCategoryCell.swift */,
			);
			path = Event;
			sourceTree = "<group>";
		};
		020F41D321D2B6C8007CE3BC /* Category */ = {
			isa = PBXGroup;
			children = (
				026161F321C714B700DDD5C2 /* BaseCategoryCell.swift */,
				026161F521C7160200DDD5C2 /* CategoryCell.swift */,
			);
			path = Category;
			sourceTree = "<group>";
		};
		020F41D421D2B6EF007CE3BC /* Event */ = {
			isa = PBXGroup;
			children = (
				02B280E921C8375D00CD7C62 /* BaseController.swift */,
				02E8D8D9217516DA001FD974 /* FeedController.swift */,
			);
			path = Event;
			sourceTree = "<group>";
		};
		020F41D521D2B6F5007CE3BC /* Category */ = {
			isa = PBXGroup;
			children = (
				02B280E521C7CA2800CD7C62 /* CategoryListController.swift */,
			);
			path = Category;
			sourceTree = "<group>";
		};
		020F41D621D2B700007CE3BC /* Detail */ = {
			isa = PBXGroup;
			children = (
				0295753621B47766000572B2 /* DetailViewController.swift */,
			);
			path = Detail;
			sourceTree = "<group>";
		};
		020F41D721D2B713007CE3BC /* SettingsLauncher */ = {
			isa = PBXGroup;
			children = (
				021ACF8F219BA62E00B35F67 /* SettingsLauncher.swift */,
			);
			path = SettingsLauncher;
			sourceTree = "<group>";
		};
		02330C85219F369400A257CF /* ApiService */ = {
			isa = PBXGroup;
			children = (
				02330C86219F36B400A257CF /* ApiService.swift */,
				023CAC0A21C8718300958231 /* ApiServiceCategories.swift */,
			);
			path = ApiService;
			sourceTree = "<group>";
		};
		02A04CA521D4592E00E9D417 /* Storyboards */ = {
			isa = PBXGroup;
			children = (
				02E8D8DB217516DA001FD974 /* Main.storyboard */,
				02E8D8E0217516E5001FD974 /* LaunchScreen.storyboard */,
			);
			path = Storyboards;
			sourceTree = "<group>";
		};
		02E290B6218E9BBA00FE99C7 /* Helpers */ = {
			isa = PBXGroup;
			children = (
				020F41CF21D2B5AA007CE3BC /* CustomImageView.swift */,
				026161EF21C5EBDC00DDD5C2 /* Reachability.swift */,
				020F41BF21D18312007CE3BC /* LoaderController.swift */,
			);
			path = Helpers;
			sourceTree = "<group>";
		};
		02E290B9218E9C4100FE99C7 /* Views */ = {
			isa = PBXGroup;
			children = (
				020F41D221D2B6AD007CE3BC /* Event */,
				020F41D321D2B6C8007CE3BC /* Category */,
				02E290BD218E9EC100FE99C7 /* MenuBar.swift */,
			);
			path = Views;
			sourceTree = "<group>";
		};
		02E290BC218E9CBB00FE99C7 /* Controllers */ = {
			isa = PBXGroup;
			children = (
				020F41D721D2B713007CE3BC /* SettingsLauncher */,
				020F41D421D2B6EF007CE3BC /* Event */,
				020F41D621D2B700007CE3BC /* Detail */,
				020F41D521D2B6F5007CE3BC /* Category */,
			);
			path = Controllers;
			sourceTree = "<group>";
		};
		02E290BF218EBE0800FE99C7 /* Models */ = {
			isa = PBXGroup;
			children = (
				02E290C0218EBE1800FE99C7 /* Event.swift */,
				026161F121C7148200DDD5C2 /* Category.swift */,
				027C103621C894DF00D78A51 /* SalePlace.swift */,
			);
			path = Models;
			sourceTree = "<group>";
		};
		02E8D8CB217516DA001FD974 = {
			isa = PBXGroup;
			children = (
				02E8D8D6217516DA001FD974 /* purai-ios-app */,
				02E8D8D5217516DA001FD974 /* Products */,
				B0EEA85AED638B8C997FB60E /* Pods */,
				BE139B9DE99A816F5A2B7772 /* Frameworks */,
			);
			sourceTree = "<group>";
		};
		02E8D8D5217516DA001FD974 /* Products */ = {
			isa = PBXGroup;
			children = (
				02E8D8D4217516DA001FD974 /* purai-ios-app.app */,
			);
			name = Products;
			sourceTree = "<group>";
		};
		02E8D8D6217516DA001FD974 /* purai-ios-app */ = {
			isa = PBXGroup;
			children = (
				02330C85219F369400A257CF /* ApiService */,
				02E290BF218EBE0800FE99C7 /* Models */,
				02E290B9218E9C4100FE99C7 /* Views */,
				02E290BC218E9CBB00FE99C7 /* Controllers */,
				020F41D121D2B5C6007CE3BC /* Extensions */,
				02E290B6218E9BBA00FE99C7 /* Helpers */,
				02A04CA521D4592E00E9D417 /* Storyboards */,
				02E8D8D7217516DA001FD974 /* AppDelegate.swift */,
				02684CA021BB418100A2ABE3 /* Assets.xcassets */,
				02E8D8E3217516E5001FD974 /* Info.plist */,
				02EEB42921D2B9E100EB73C5 /* Localizable.strings */,
			);
			path = "purai-ios-app";
			sourceTree = "<group>";
		};
		B0EEA85AED638B8C997FB60E /* Pods */ = {
			isa = PBXGroup;
			children = (
				2080F1C1C5F6C08E22F3AC6C /* Pods-purai-ios-app.debug.xcconfig */,
				067E85B19BE75C3A0F3CB378 /* Pods-purai-ios-app.release.xcconfig */,
			);
			name = Pods;
			sourceTree = "<group>";
		};
		BE139B9DE99A816F5A2B7772 /* Frameworks */ = {
			isa = PBXGroup;
			children = (
				D753972F5ECE6CB6B24DFA5F /* Pods_purai_ios_app.framework */,
			);
			name = Frameworks;
			sourceTree = "<group>";
		};
/* End PBXGroup section */

/* Begin PBXNativeTarget section */
		02E8D8D3217516DA001FD974 /* purai-ios-app */ = {
			isa = PBXNativeTarget;
			buildConfigurationList = 02E8D8E6217516E5001FD974 /* Build configuration list for PBXNativeTarget "purai-ios-app" */;
			buildPhases = (
				B36A9A9887B5AB698C4CDDCE /* [CP] Check Pods Manifest.lock */,
				02E8D8D0217516DA001FD974 /* Sources */,
				02E8D8D1217516DA001FD974 /* Frameworks */,
				02E8D8D2217516DA001FD974 /* Resources */,
				648DCEA7D52E9607BBDF67AD /* [CP] Embed Pods Frameworks */,
			);
			buildRules = (
			);
			dependencies = (
			);
			name = "purai-ios-app";
			productName = "purai-ios-app";
			productReference = 02E8D8D4217516DA001FD974 /* purai-ios-app.app */;
			productType = "com.apple.product-type.application";
		};
/* End PBXNativeTarget section */

/* Begin PBXProject section */
		02E8D8CC217516DA001FD974 /* Project object */ = {
			isa = PBXProject;
			attributes = {
				LastSwiftUpdateCheck = 1000;
				LastUpgradeCheck = 1000;
				ORGANIZATIONNAME = "Felipe Mendes";
				TargetAttributes = {
					02E8D8D3217516DA001FD974 = {
						CreatedOnToolsVersion = 10.0;
					};
				};
			};
			buildConfigurationList = 02E8D8CF217516DA001FD974 /* Build configuration list for PBXProject "purai-ios-app" */;
			compatibilityVersion = "Xcode 9.3";
			developmentRegion = en;
			hasScannedForEncodings = 0;
			knownRegions = (
				en,
				Base,
				"pt-BR",
			);
			mainGroup = 02E8D8CB217516DA001FD974;
			productRefGroup = 02E8D8D5217516DA001FD974 /* Products */;
			projectDirPath = "";
			projectRoot = "";
			targets = (
				02E8D8D3217516DA001FD974 /* purai-ios-app */,
			);
		};
/* End PBXProject section */

/* Begin PBXResourcesBuildPhase section */
		02E8D8D2217516DA001FD974 /* Resources */ = {
			isa = PBXResourcesBuildPhase;
			buildActionMask = 2147483647;
			files = (
				02E8D8E2217516E5001FD974 /* LaunchScreen.storyboard in Resources */,
				02EEB42721D2B9E100EB73C5 /* Localizable.strings in Resources */,
				02684CA121BB418200A2ABE3 /* Assets.xcassets in Resources */,
				02E8D8DD217516DA001FD974 /* Main.storyboard in Resources */,
			);
			runOnlyForDeploymentPostprocessing = 0;
		};
/* End PBXResourcesBuildPhase section */

/* Begin PBXShellScriptBuildPhase section */
		648DCEA7D52E9607BBDF67AD /* [CP] Embed Pods Frameworks */ = {
			isa = PBXShellScriptBuildPhase;
			buildActionMask = 2147483647;
			files = (
			);
			inputFileListPaths = (
			);
			inputPaths = (
				"${SRCROOT}/Pods/Target Support Files/Pods-purai-ios-app/Pods-purai-ios-app-frameworks.sh",
				"${BUILT_PRODUCTS_DIR}/ViewAnimator/ViewAnimator.framework",
			);
			name = "[CP] Embed Pods Frameworks";
			outputFileListPaths = (
			);
			outputPaths = (
				"${TARGET_BUILD_DIR}/${FRAMEWORKS_FOLDER_PATH}/ViewAnimator.framework",
			);
			runOnlyForDeploymentPostprocessing = 0;
			shellPath = /bin/sh;
			shellScript = "\"${SRCROOT}/Pods/Target Support Files/Pods-purai-ios-app/Pods-purai-ios-app-frameworks.sh\"\n";
			showEnvVarsInLog = 0;
		};
		B36A9A9887B5AB698C4CDDCE /* [CP] Check Pods Manifest.lock */ = {
			isa = PBXShellScriptBuildPhase;
			buildActionMask = 2147483647;
			files = (
			);
			inputFileListPaths = (
			);
			inputPaths = (
				"${PODS_PODFILE_DIR_PATH}/Podfile.lock",
				"${PODS_ROOT}/Manifest.lock",
			);
			name = "[CP] Check Pods Manifest.lock";
			outputFileListPaths = (
			);
			outputPaths = (
				"$(DERIVED_FILE_DIR)/Pods-purai-ios-app-checkManifestLockResult.txt",
			);
			runOnlyForDeploymentPostprocessing = 0;
			shellPath = /bin/sh;
			shellScript = "diff \"${PODS_PODFILE_DIR_PATH}/Podfile.lock\" \"${PODS_ROOT}/Manifest.lock\" > /dev/null\nif [ $? != 0 ] ; then\n    # print error to STDERR\n    echo \"error: The sandbox is not in sync with the Podfile.lock. Run 'pod install' or update your CocoaPods installation.\" >&2\n    exit 1\nfi\n# This output is used by Xcode 'outputs' to avoid re-running this script phase.\necho \"SUCCESS\" > \"${SCRIPT_OUTPUT_FILE_0}\"\n";
			showEnvVarsInLog = 0;
		};
/* End PBXShellScriptBuildPhase section */

/* Begin PBXSourcesBuildPhase section */
		02E8D8D0217516DA001FD974 /* Sources */ = {
			isa = PBXSourcesBuildPhase;
			buildActionMask = 2147483647;
			files = (
				020F41CE21D2B579007CE3BC /* UIImageViewExtension.swift in Sources */,
				02E290BB218E9C8A00FE99C7 /* BaseCell.swift in Sources */,
				02BBBA3721B3001F00998543 /* UpcomingCell.swift in Sources */,
				020F41CC21D2B566007CE3BC /* UIViewControllerExtension.swift in Sources */,
				020F41D921D2B7B8007CE3BC /* StringExtension.swift in Sources */,
				02DF2EBE219FBDE80057CEF1 /* FeedCell.swift in Sources */,
				02BBBA3121B2F72500998543 /* SpotlightCell.swift in Sources */,
				02E8D8DA217516DA001FD974 /* FeedController.swift in Sources */,
				027C103721C894DF00D78A51 /* SalePlace.swift in Sources */,
				026161F621C7160200DDD5C2 /* CategoryCell.swift in Sources */,
				020F41D021D2B5AA007CE3BC /* CustomImageView.swift in Sources */,
				020F41C621D2B51E007CE3BC /* UILabelExtension.swift in Sources */,
				027E3C32219D070900219E32 /* SettingCell.swift in Sources */,
				02B280E621C7CA2800CD7C62 /* CategoryListController.swift in Sources */,
				021ACF90219BA62E00B35F67 /* SettingsLauncher.swift in Sources */,
				02330C87219F36B400A257CF /* ApiService.swift in Sources */,
				02E8D8D8217516DA001FD974 /* AppDelegate.swift in Sources */,
				023CAC0B21C8718300958231 /* ApiServiceCategories.swift in Sources */,
				020F41CA21D2B54D007CE3BC /* UIApplicationExtension.swift in Sources */,
				02B280E821C7D83800CD7C62 /* EventsByCategoryCell.swift in Sources */,
				020F41C821D2B537007CE3BC /* UICollectionViewExtension.swift in Sources */,
				026161F221C7148200DDD5C2 /* Category.swift in Sources */,
				026161F421C714B700DDD5C2 /* BaseCategoryCell.swift in Sources */,
				020F41C221D2B4C1007CE3BC /* UIColorExtension.swift in Sources */,
				02E290C1218EBE1800FE99C7 /* Event.swift in Sources */,
				02B280EA21C8375D00CD7C62 /* BaseController.swift in Sources */,
				02E290BE218E9EC100FE99C7 /* MenuBar.swift in Sources */,
				020F41C021D18312007CE3BC /* LoaderController.swift in Sources */,
				020F41C421D2B4F5007CE3BC /* UIViewExtension.swift in Sources */,
				0295753721B47766000572B2 /* DetailViewController.swift in Sources */,
				026161F021C5EBDC00DDD5C2 /* Reachability.swift in Sources */,
				02BBBA3321B2F9BD00998543 /* TodayCell.swift in Sources */,
			);
			runOnlyForDeploymentPostprocessing = 0;
		};
/* End PBXSourcesBuildPhase section */

/* Begin PBXVariantGroup section */
		02E8D8DB217516DA001FD974 /* Main.storyboard */ = {
			isa = PBXVariantGroup;
			children = (
				02E8D8DC217516DA001FD974 /* Base */,
			);
			name = Main.storyboard;
			sourceTree = "<group>";
		};
		02E8D8E0217516E5001FD974 /* LaunchScreen.storyboard */ = {
			isa = PBXVariantGroup;
			children = (
				02E8D8E1217516E5001FD974 /* Base */,
			);
			name = LaunchScreen.storyboard;
			sourceTree = "<group>";
		};
		02EEB42921D2B9E100EB73C5 /* Localizable.strings */ = {
			isa = PBXVariantGroup;
			children = (
				02EEB42821D2B9E100EB73C5 /* en */,
				02EEB42A21D2B9F000EB73C5 /* pt-BR */,
			);
			name = Localizable.strings;
			sourceTree = "<group>";
		};
/* End PBXVariantGroup section */

/* Begin XCBuildConfiguration section */
		02E8D8E4217516E5001FD974 /* Debug */ = {
			isa = XCBuildConfiguration;
			buildSettings = {
				ALWAYS_SEARCH_USER_PATHS = NO;
				CLANG_ANALYZER_LOCALIZABILITY_NONLOCALIZED = YES;
				CLANG_ANALYZER_NONNULL = YES;
				CLANG_ANALYZER_NUMBER_OBJECT_CONVERSION = YES_AGGRESSIVE;
				CLANG_CXX_LANGUAGE_STANDARD = "gnu++14";
				CLANG_CXX_LIBRARY = "libc++";
				CLANG_ENABLE_MODULES = YES;
				CLANG_ENABLE_OBJC_ARC = YES;
				CLANG_ENABLE_OBJC_WEAK = YES;
				CLANG_WARN_BLOCK_CAPTURE_AUTORELEASING = YES;
				CLANG_WARN_BOOL_CONVERSION = YES;
				CLANG_WARN_COMMA = YES;
				CLANG_WARN_CONSTANT_CONVERSION = YES;
				CLANG_WARN_DEPRECATED_OBJC_IMPLEMENTATIONS = YES;
				CLANG_WARN_DIRECT_OBJC_ISA_USAGE = YES_ERROR;
				CLANG_WARN_DOCUMENTATION_COMMENTS = YES;
				CLANG_WARN_EMPTY_BODY = YES;
				CLANG_WARN_ENUM_CONVERSION = YES;
				CLANG_WARN_INFINITE_RECURSION = YES;
				CLANG_WARN_INT_CONVERSION = YES;
				CLANG_WARN_NON_LITERAL_NULL_CONVERSION = YES;
				CLANG_WARN_OBJC_IMPLICIT_RETAIN_SELF = YES;
				CLANG_WARN_OBJC_LITERAL_CONVERSION = YES;
				CLANG_WARN_OBJC_ROOT_CLASS = YES_ERROR;
				CLANG_WARN_RANGE_LOOP_ANALYSIS = YES;
				CLANG_WARN_STRICT_PROTOTYPES = YES;
				CLANG_WARN_SUSPICIOUS_MOVE = YES;
				CLANG_WARN_UNGUARDED_AVAILABILITY = YES_AGGRESSIVE;
				CLANG_WARN_UNREACHABLE_CODE = YES;
				CLANG_WARN__DUPLICATE_METHOD_MATCH = YES;
				CODE_SIGN_IDENTITY = "iPhone Developer";
				COPY_PHASE_STRIP = NO;
				DEBUG_INFORMATION_FORMAT = dwarf;
				ENABLE_STRICT_OBJC_MSGSEND = YES;
				ENABLE_TESTABILITY = YES;
				GCC_C_LANGUAGE_STANDARD = gnu11;
				GCC_DYNAMIC_NO_PIC = NO;
				GCC_NO_COMMON_BLOCKS = YES;
				GCC_OPTIMIZATION_LEVEL = 0;
				GCC_PREPROCESSOR_DEFINITIONS = (
					"DEBUG=1",
					"$(inherited)",
				);
				GCC_WARN_64_TO_32_BIT_CONVERSION = YES;
				GCC_WARN_ABOUT_RETURN_TYPE = YES_ERROR;
				GCC_WARN_UNDECLARED_SELECTOR = YES;
				GCC_WARN_UNINITIALIZED_AUTOS = YES_AGGRESSIVE;
				GCC_WARN_UNUSED_FUNCTION = YES;
				GCC_WARN_UNUSED_VARIABLE = YES;
				IPHONEOS_DEPLOYMENT_TARGET = 12.0;
				MTL_ENABLE_DEBUG_INFO = INCLUDE_SOURCE;
				MTL_FAST_MATH = YES;
				ONLY_ACTIVE_ARCH = YES;
				SDKROOT = iphoneos;
				SWIFT_ACTIVE_COMPILATION_CONDITIONS = DEBUG;
				SWIFT_OPTIMIZATION_LEVEL = "-Onone";
			};
			name = Debug;
		};
		02E8D8E5217516E5001FD974 /* Release */ = {
			isa = XCBuildConfiguration;
			buildSettings = {
				ALWAYS_SEARCH_USER_PATHS = NO;
				CLANG_ANALYZER_LOCALIZABILITY_NONLOCALIZED = YES;
				CLANG_ANALYZER_NONNULL = YES;
				CLANG_ANALYZER_NUMBER_OBJECT_CONVERSION = YES_AGGRESSIVE;
				CLANG_CXX_LANGUAGE_STANDARD = "gnu++14";
				CLANG_CXX_LIBRARY = "libc++";
				CLANG_ENABLE_MODULES = YES;
				CLANG_ENABLE_OBJC_ARC = YES;
				CLANG_ENABLE_OBJC_WEAK = YES;
				CLANG_WARN_BLOCK_CAPTURE_AUTORELEASING = YES;
				CLANG_WARN_BOOL_CONVERSION = YES;
				CLANG_WARN_COMMA = YES;
				CLANG_WARN_CONSTANT_CONVERSION = YES;
				CLANG_WARN_DEPRECATED_OBJC_IMPLEMENTATIONS = YES;
				CLANG_WARN_DIRECT_OBJC_ISA_USAGE = YES_ERROR;
				CLANG_WARN_DOCUMENTATION_COMMENTS = YES;
				CLANG_WARN_EMPTY_BODY = YES;
				CLANG_WARN_ENUM_CONVERSION = YES;
				CLANG_WARN_INFINITE_RECURSION = YES;
				CLANG_WARN_INT_CONVERSION = YES;
				CLANG_WARN_NON_LITERAL_NULL_CONVERSION = YES;
				CLANG_WARN_OBJC_IMPLICIT_RETAIN_SELF = YES;
				CLANG_WARN_OBJC_LITERAL_CONVERSION = YES;
				CLANG_WARN_OBJC_ROOT_CLASS = YES_ERROR;
				CLANG_WARN_RANGE_LOOP_ANALYSIS = YES;
				CLANG_WARN_STRICT_PROTOTYPES = YES;
				CLANG_WARN_SUSPICIOUS_MOVE = YES;
				CLANG_WARN_UNGUARDED_AVAILABILITY = YES_AGGRESSIVE;
				CLANG_WARN_UNREACHABLE_CODE = YES;
				CLANG_WARN__DUPLICATE_METHOD_MATCH = YES;
				CODE_SIGN_IDENTITY = "iPhone Developer";
				COPY_PHASE_STRIP = NO;
				DEBUG_INFORMATION_FORMAT = "dwarf-with-dsym";
				ENABLE_NS_ASSERTIONS = NO;
				ENABLE_STRICT_OBJC_MSGSEND = YES;
				GCC_C_LANGUAGE_STANDARD = gnu11;
				GCC_NO_COMMON_BLOCKS = YES;
				GCC_WARN_64_TO_32_BIT_CONVERSION = YES;
				GCC_WARN_ABOUT_RETURN_TYPE = YES_ERROR;
				GCC_WARN_UNDECLARED_SELECTOR = YES;
				GCC_WARN_UNINITIALIZED_AUTOS = YES_AGGRESSIVE;
				GCC_WARN_UNUSED_FUNCTION = YES;
				GCC_WARN_UNUSED_VARIABLE = YES;
				IPHONEOS_DEPLOYMENT_TARGET = 12.0;
				MTL_ENABLE_DEBUG_INFO = NO;
				MTL_FAST_MATH = YES;
				SDKROOT = iphoneos;
				SWIFT_COMPILATION_MODE = wholemodule;
				SWIFT_OPTIMIZATION_LEVEL = "-O";
				VALIDATE_PRODUCT = YES;
			};
			name = Release;
		};
		02E8D8E7217516E5001FD974 /* Debug */ = {
			isa = XCBuildConfiguration;
			baseConfigurationReference = 2080F1C1C5F6C08E22F3AC6C /* Pods-purai-ios-app.debug.xcconfig */;
			buildSettings = {
				ASSETCATALOG_COMPILER_APPICON_NAME = AppIcon;
				CODE_SIGN_STYLE = Automatic;
				DEVELOPMENT_TEAM = 7G64V5XZM3;
				INFOPLIST_FILE = "purai-ios-app/Info.plist";
				LD_RUNPATH_SEARCH_PATHS = (
					"$(inherited)",
					"@executable_path/Frameworks",
				);
				PRODUCT_BUNDLE_IDENTIFIER = "com.felipemendes.purai-ios-app";
				PRODUCT_NAME = "$(TARGET_NAME)";
				SWIFT_VERSION = 4.2;
				TARGETED_DEVICE_FAMILY = "1,2";
			};
			name = Debug;
		};
		02E8D8E8217516E5001FD974 /* Release */ = {
			isa = XCBuildConfiguration;
			baseConfigurationReference = 067E85B19BE75C3A0F3CB378 /* Pods-purai-ios-app.release.xcconfig */;
			buildSettings = {
				ASSETCATALOG_COMPILER_APPICON_NAME = AppIcon;
				CODE_SIGN_STYLE = Automatic;
				DEVELOPMENT_TEAM = 7G64V5XZM3;
				INFOPLIST_FILE = "purai-ios-app/Info.plist";
				LD_RUNPATH_SEARCH_PATHS = (
					"$(inherited)",
					"@executable_path/Frameworks",
				);
				PRODUCT_BUNDLE_IDENTIFIER = "com.felipemendes.purai-ios-app";
				PRODUCT_NAME = "$(TARGET_NAME)";
				SWIFT_VERSION = 4.2;
				TARGETED_DEVICE_FAMILY = "1,2";
			};
			name = Release;
		};
/* End XCBuildConfiguration section */

/* Begin XCConfigurationList section */
		02E8D8CF217516DA001FD974 /* Build configuration list for PBXProject "purai-ios-app" */ = {
			isa = XCConfigurationList;
			buildConfigurations = (
				02E8D8E4217516E5001FD974 /* Debug */,
				02E8D8E5217516E5001FD974 /* Release */,
			);
			defaultConfigurationIsVisible = 0;
			defaultConfigurationName = Release;
		};
		02E8D8E6217516E5001FD974 /* Build configuration list for PBXNativeTarget "purai-ios-app" */ = {
			isa = XCConfigurationList;
			buildConfigurations = (
				02E8D8E7217516E5001FD974 /* Debug */,
				02E8D8E8217516E5001FD974 /* Release */,
			);
			defaultConfigurationIsVisible = 0;
			defaultConfigurationName = Release;
		};
/* End XCConfigurationList section */
	};
	rootObject = 02E8D8CC217516DA001FD974 /* Project object */;
}
